
Microsoft Visual Studio Solution File, Format Version 12.00
# Visual Studio 15
Project("{FAE04EC0-301F-11D3-BF4B-00C04F79EFBC}") = "UnityEngine.UI", "UnityEngine.UI.csproj", "{3E8FAA14-F071-AB22-C845-6510CFA95E4F}"
EndProject
Project("{FAE04EC0-301F-11D3-BF4B-00C04F79EFBC}") = "UnityEngine.TestRunner", "UnityEngine.TestRunner.csproj", "{3EF9E13E-67C6-20D5-9061-61A0AF8F3357}"
EndProject
Project("{FAE04EC0-301F-11D3-BF4B-00C04F79EFBC}") = "Unity.Timeline", "Unity.Timeline.csproj", "{C9726ADF-2737-DDC0-CF91-9CB5422F016E}"
EndProject
Project("{FAE04EC0-301F-11D3-BF4B-00C04F79EFBC}") = "Assembly-CSharp", "Assembly-CSharp.csproj", "{DA4FFFC3-1C45-2834-4C17-6ABDF962B941}"
EndProject
Project("{FAE04EC0-301F-11D3-BF4B-00C04F79EFBC}") = "Unity.TextMeshPro", "Unity.TextMeshPro.csproj", "{8AEF623A-320C-E3CF-5F9A-7DBAA4F62B4E}"
EndProject
Project("{FAE04EC0-301F-11D3-BF4B-00C04F79EFBC}") = "Unity.Timeline.Editor", "Unity.Timeline.Editor.csproj", "{762A9814-0C9D-A7E9-D436-ECAFE4B077EB}"
EndProject
Project("{FAE04EC0-301F-11D3-BF4B-00C04F79EFBC}") = "UnityEditor.TestRunner", "UnityEditor.TestRunner.csproj", "{C33AB4A5-C530-B0D4-F931-03745724FD2D}"
EndProject
Project("{FAE04EC0-301F-11D3-BF4B-00C04F79EFBC}") = "UnityEditor.UI", "UnityEditor.UI.csproj", "{07ADCF64-233C-1724-9830-2C5C20BD3824}"
EndProject
Project("{FAE04EC0-301F-11D3-BF4B-00C04F79EFBC}") = "Unity.VisualStudio.Editor", "Unity.VisualStudio.Editor.csproj", "{0E7F1A68-ED07-182B-A96C-28F92BD48784}"
EndProject
Project("{FAE04EC0-301F-11D3-BF4B-00C04F79EFBC}") = "Unity.TextMeshPro.Editor", "Unity.TextMeshPro.Editor.csproj", "{602D42AF-38F7-1D7E-372E-7294EE02D312}"
EndProject
Project("{FAE04EC0-301F-11D3-BF4B-00C04F79EFBC}") = "Unity.CollabProxy.Editor", "Unity.CollabProxy.Editor.csproj", "{947565A7-8C6C-D9F2-8009-12ED3A3BBAFD}"
EndProject
Project("{FAE04EC0-301F-11D3-BF4B-00C04F79EFBC}") = "Unity.VSCode.Editor", "Unity.VSCode.Editor.csproj", "{C46713E3-872E-67A0-6D5A-C27BA1582C78}"
EndProject
Project("{FAE04EC0-301F-11D3-BF4B-00C04F79EFBC}") = "Unity.Rider.Editor", "Unity.Rider.Editor.csproj", "{5F230EB3-1712-5E96-4BD6-8C74688DD9F6}"
EndProject
Project("{FAE04EC0-301F-11D3-BF4B-00C04F79EFBC}") = "UnityEngine.UI", "UnityEngine.UI.Player.csproj", "{F3436DDD-53F7-ABFC-3B83-B3CA8420EF11}"
EndProject
Project("{FAE04EC0-301F-11D3-BF4B-00C04F79EFBC}") = "UnityEngine.TestRunner", "UnityEngine.TestRunner.Player.csproj", "{8A56B304-1824-548C-E784-DA1584A8B0AC}"
EndProject
Project("{FAE04EC0-301F-11D3-BF4B-00C04F79EFBC}") = "Unity.Timeline", "Unity.Timeline.Player.csproj", "{E118EB71-8033-4BA9-F25D-0BF3847451BB}"
EndProject
Project("{FAE04EC0-301F-11D3-BF4B-00C04F79EFBC}") = "Assembly-CSharp", "Assembly-CSharp.Player.csproj", "{9737973D-657A-6E4E-B971-48789C098754}"
EndProject
Project("{FAE04EC0-301F-11D3-BF4B-00C04F79EFBC}") = "Unity.TextMeshPro", "Unity.TextMeshPro.Player.csproj", "{E0F5DEF8-06E6-6622-B3E3-DDC0B9EF5D0E}"
EndProject
Global
	GlobalSection(SolutionConfigurationPlatforms) = preSolution
		Debug|Any CPU = Debug|Any CPU
		Release|Any CPU = Release|Any CPU
	EndGlobalSection
	GlobalSection(ProjectConfigurationPlatforms) = postSolution
		{3E8FAA14-F071-AB22-C845-6510CFA95E4F}.Debug|Any CPU.ActiveCfg = Debug|Any CPU
		{3E8FAA14-F071-AB22-C845-6510CFA95E4F}.Debug|Any CPU.Build.0 = Debug|Any CPU
		{3E8FAA14-F071-AB22-C845-6510CFA95E4F}.Release|Any CPU.ActiveCfg = Release|Any CPU
		{3E8FAA14-F071-AB22-C845-6510CFA95E4F}.Release|Any CPU.Build.0 = Release|Any CPU
		{3EF9E13E-67C6-20D5-9061-61A0AF8F3357}.Debug|Any CPU.ActiveCfg = Debug|Any CPU
		{3EF9E13E-67C6-20D5-9061-61A0AF8F3357}.Debug|Any CPU.Build.0 = Debug|Any CPU
		{3EF9E13E-67C6-20D5-9061-61A0AF8F3357}.Release|Any CPU.ActiveCfg = Release|Any CPU
		{3EF9E13E-67C6-20D5-9061-61A0AF8F3357}.Release|Any CPU.Build.0 = Release|Any CPU
		{C9726ADF-2737-DDC0-CF91-9CB5422F016E}.Debug|Any CPU.ActiveCfg = Debug|Any CPU
		{C9726ADF-2737-DDC0-CF91-9CB5422F016E}.Debug|Any CPU.Build.0 = Debug|Any CPU
		{C9726ADF-2737-DDC0-CF91-9CB5422F016E}.Release|Any CPU.ActiveCfg = Release|Any CPU
		{C9726ADF-2737-DDC0-CF91-9CB5422F016E}.Release|Any CPU.Build.0 = Release|Any CPU
		{DA4FFFC3-1C45-2834-4C17-6ABDF962B941}.Debug|Any CPU.ActiveCfg = Debug|Any CPU
		{DA4FFFC3-1C45-2834-4C17-6ABDF962B941}.Debug|Any CPU.Build.0 = Debug|Any CPU
		{DA4FFFC3-1C45-2834-4C17-6ABDF962B941}.Release|Any CPU.ActiveCfg = Release|Any CPU
		{DA4FFFC3-1C45-2834-4C17-6ABDF962B941}.Release|Any CPU.Build.0 = Release|Any CPU
		{8AEF623A-320C-E3CF-5F9A-7DBAA4F62B4E}.Debug|Any CPU.ActiveCfg = Debug|Any CPU
		{8AEF623A-320C-E3CF-5F9A-7DBAA4F62B4E}.Debug|Any CPU.Build.0 = Debug|Any CPU
		{8AEF623A-320C-E3CF-5F9A-7DBAA4F62B4E}.Release|Any CPU.ActiveCfg = Release|Any CPU
		{8AEF623A-320C-E3CF-5F9A-7DBAA4F62B4E}.Release|Any CPU.Build.0 = Release|Any CPU
		{762A9814-0C9D-A7E9-D436-ECAFE4B077EB}.Debug|Any CPU.ActiveCfg = Debug|Any CPU
		{762A9814-0C9D-A7E9-D436-ECAFE4B077EB}.Debug|Any CPU.Build.0 = Debug|Any CPU
		{762A9814-0C9D-A7E9-D436-ECAFE4B077EB}.Release|Any CPU.ActiveCfg = Release|Any CPU
		{762A9814-0C9D-A7E9-D436-ECAFE4B077EB}.Release|Any CPU.Build.0 = Release|Any CPU
		{C33AB4A5-C530-B0D4-F931-03745724FD2D}.Debug|Any CPU.ActiveCfg = Debug|Any CPU
		{C33AB4A5-C530-B0D4-F931-03745724FD2D}.Debug|Any CPU.Build.0 = Debug|Any CPU
		{C33AB4A5-C530-B0D4-F931-03745724FD2D}.Release|Any CPU.ActiveCfg = Release|Any CPU
		{C33AB4A5-C530-B0D4-F931-03745724FD2D}.Release|Any CPU.Build.0 = Release|Any CPU
		{07ADCF64-233C-1724-9830-2C5C20BD3824}.Debug|Any CPU.ActiveCfg = Debug|Any CPU
		{07ADCF64-233C-1724-9830-2C5C20BD3824}.Debug|Any CPU.Build.0 = Debug|Any CPU
		{07ADCF64-233C-1724-9830-2C5C20BD3824}.Release|Any CPU.ActiveCfg = Release|Any CPU
		{07ADCF64-233C-1724-9830-2C5C20BD3824}.Release|Any CPU.Build.0 = Release|Any CPU
		{0E7F1A68-ED07-182B-A96C-28F92BD48784}.Debug|Any CPU.ActiveCfg = Debug|Any CPU
		{0E7F1A68-ED07-182B-A96C-28F92BD48784}.Debug|Any CPU.Build.0 = Debug|Any CPU
		{0E7F1A68-ED07-182B-A96C-28F92BD48784}.Release|Any CPU.ActiveCfg = Release|Any CPU
		{0E7F1A68-ED07-182B-A96C-28F92BD48784}.Release|Any CPU.Build.0 = Release|Any CPU
		{602D42AF-38F7-1D7E-372E-7294EE02D312}.Debug|Any CPU.ActiveCfg = Debug|Any CPU
		{602D42AF-38F7-1D7E-372E-7294EE02D312}.Debug|Any CPU.Build.0 = Debug|Any CPU
		{602D42AF-38F7-1D7E-372E-7294EE02D312}.Release|Any CPU.ActiveCfg = Release|Any CPU
		{602D42AF-38F7-1D7E-372E-7294EE02D312}.Release|Any CPU.Build.0 = Release|Any CPU
		{947565A7-8C6C-D9F2-8009-12ED3A3BBAFD}.Debug|Any CPU.ActiveCfg = Debug|Any CPU
		{947565A7-8C6C-D9F2-8009-12ED3A3BBAFD}.Debug|Any CPU.Build.0 = Debug|Any CPU
		{947565A7-8C6C-D9F2-8009-12ED3A3BBAFD}.Release|Any CPU.ActiveCfg = Release|Any CPU
		{947565A7-8C6C-D9F2-8009-12ED3A3BBAFD}.Release|Any CPU.Build.0 = Release|Any CPU
		{C46713E3-872E-67A0-6D5A-C27BA1582C78}.Debug|Any CPU.ActiveCfg = Debug|Any CPU
		{C46713E3-872E-67A0-6D5A-C27BA1582C78}.Debug|Any CPU.Build.0 = Debug|Any CPU
		{C46713E3-872E-67A0-6D5A-C27BA1582C78}.Release|Any CPU.ActiveCfg = Release|Any CPU
		{C46713E3-872E-67A0-6D5A-C27BA1582C78}.Release|Any CPU.Build.0 = Release|Any CPU
		{5F230EB3-1712-5E96-4BD6-8C74688DD9F6}.Debug|Any CPU.ActiveCfg = Debug|Any CPU
		{5F230EB3-1712-5E96-4BD6-8C74688DD9F6}.Debug|Any CPU.Build.0 = Debug|Any CPU
		{5F230EB3-1712-5E96-4BD6-8C74688DD9F6}.Release|Any CPU.ActiveCfg = Release|Any CPU
		{5F230EB3-1712-5E96-4BD6-8C74688DD9F6}.Release|Any CPU.Build.0 = Release|Any CPU
		{F3436DDD-53F7-ABFC-3B83-B3CA8420EF11}.Debug|Any CPU.ActiveCfg = Debug|Any CPU
		{F3436DDD-53F7-ABFC-3B83-B3CA8420EF11}.Debug|Any CPU.Build.0 = Debug|Any CPU
		{F3436DDD-53F7-ABFC-3B83-B3CA8420EF11}.Release|Any CPU.ActiveCfg = Release|Any CPU
		{F3436DDD-53F7-ABFC-3B83-B3CA8420EF11}.Release|Any CPU.Build.0 = Release|Any CPU
		{8A56B304-1824-548C-E784-DA1584A8B0AC}.Debug|Any CPU.ActiveCfg = Debug|Any CPU
		{8A56B304-1824-548C-E784-DA1584A8B0AC}.Debug|Any CPU.Build.0 = Debug|Any CPU
		{8A56B304-1824-548C-E784-DA1584A8B0AC}.Release|Any CPU.ActiveCfg = Release|Any CPU
		{8A56B304-1824-548C-E784-DA1584A8B0AC}.Release|Any CPU.Build.0 = Release|Any CPU
		{E118EB71-8033-4BA9-F25D-0BF3847451BB}.Debug|Any CPU.ActiveCfg = Debug|Any CPU
		{E118EB71-8033-4BA9-F25D-0BF3847451BB}.Debug|Any CPU.Build.0 = Debug|Any CPU
		{E118EB71-8033-4BA9-F25D-0BF3847451BB}.Release|Any CPU.ActiveCfg = Release|Any CPU
		{E118EB71-8033-4BA9-F25D-0BF3847451BB}.Release|Any CPU.Build.0 = Release|Any CPU
		{9737973D-657A-6E4E-B971-48789C098754}.Debug|Any CPU.ActiveCfg = Debug|Any CPU
		{9737973D-657A-6E4E-B971-48789C098754}.Debug|Any CPU.Build.0 = Debug|Any CPU
		{9737973D-657A-6E4E-B971-48789C098754}.Release|Any CPU.ActiveCfg = Release|Any CPU
		{9737973D-657A-6E4E-B971-48789C098754}.Release|Any CPU.Build.0 = Release|Any CPU
		{E0F5DEF8-06E6-6622-B3E3-DDC0B9EF5D0E}.Debug|Any CPU.ActiveCfg = Debug|Any CPU
		{E0F5DEF8-06E6-6622-B3E3-DDC0B9EF5D0E}.Debug|Any CPU.Build.0 = Debug|Any CPU
		{E0F5DEF8-06E6-6622-B3E3-DDC0B9EF5D0E}.Release|Any CPU.ActiveCfg = Release|Any CPU
		{E0F5DEF8-06E6-6622-B3E3-DDC0B9EF5D0E}.Release|Any CPU.Build.0 = Release|Any CPU
	EndGlobalSection
	GlobalSection(SolutionProperties) = preSolution
		HideSolutionNode = FALSE
	EndGlobalSection
EndGlobal
